// !$*UTF8*$!
{
	archiveVersion = 1;
	classes = {
	};
	objectVersion = 56;
	objects = {

/* Begin PBXBuildFile section */
		C91DD4872AC90FB1002EC78C /* PokemonCell.swift in Sources */ = {isa = PBXBuildFile; fileRef = C91DD4862AC90FB1002EC78C /* PokemonCell.swift */; };
		C91DD4942AC96CAA002EC78C /* List.storyboard in Resources */ = {isa = PBXBuildFile; fileRef = C91DD4922AC96CAA002EC78C /* List.storyboard */; };
		C91DD4952AC96CAA002EC78C /* LaunchScreen.storyboard in Resources */ = {isa = PBXBuildFile; fileRef = C91DD4932AC96CAA002EC78C /* LaunchScreen.storyboard */; };
		C91DD4982AC973CA002EC78C /* ListViewModel.swift in Sources */ = {isa = PBXBuildFile; fileRef = C91DD4972AC973CA002EC78C /* ListViewModel.swift */; };
		C91DD49B2AC9748F002EC78C /* RxSwift in Frameworks */ = {isa = PBXBuildFile; productRef = C91DD49A2AC9748F002EC78C /* RxSwift */; };
		C91DD49D2AC97494002EC78C /* RxRelay in Frameworks */ = {isa = PBXBuildFile; productRef = C91DD49C2AC97494002EC78C /* RxRelay */; };
		C91DD49F2AC97497002EC78C /* RxCocoa in Frameworks */ = {isa = PBXBuildFile; productRef = C91DD49E2AC97497002EC78C /* RxCocoa */; };
		C91DD4A42AC976E9002EC78C /* ListModel.swift in Sources */ = {isa = PBXBuildFile; fileRef = C91DD4A32AC976E9002EC78C /* ListModel.swift */; };
		C91DD4A62AC9778A002EC78C /* DetailModel.swift in Sources */ = {isa = PBXBuildFile; fileRef = C91DD4A52AC9778A002EC78C /* DetailModel.swift */; };
		C91DD4A92ACA8585002EC78C /* Moya in Frameworks */ = {isa = PBXBuildFile; productRef = C91DD4A82ACA8585002EC78C /* Moya */; };
		C91DD4AB2ACA85A9002EC78C /* PokeApi.swift in Sources */ = {isa = PBXBuildFile; fileRef = C91DD4AA2ACA85A9002EC78C /* PokeApi.swift */; };
		C91DD4AD2ACA8854002EC78C /* RxMoya in Frameworks */ = {isa = PBXBuildFile; productRef = C91DD4AC2ACA8854002EC78C /* RxMoya */; };
		C91DD4AF2ACA8D6E002EC78C /* DetailViewModel.swift in Sources */ = {isa = PBXBuildFile; fileRef = C91DD4AE2ACA8D6E002EC78C /* DetailViewModel.swift */; };
		C91DD4B62ACAEEE6002EC78C /* SkeletonView in Frameworks */ = {isa = PBXBuildFile; productRef = C91DD4B52ACAEEE6002EC78C /* SkeletonView */; };
		C91DD4B92ACB8A50002EC78C /* ImageApi.swift in Sources */ = {isa = PBXBuildFile; fileRef = C91DD4B82ACB8A50002EC78C /* ImageApi.swift */; };
		C91DD4C22ACBE56E002EC78C /* VerCell.swift in Sources */ = {isa = PBXBuildFile; fileRef = C91DD4C12ACBE56E002EC78C /* VerCell.swift */; };
		C9243FCF2AC88C74003EE2FC /* AppDelegate.swift in Sources */ = {isa = PBXBuildFile; fileRef = C9243FCE2AC88C74003EE2FC /* AppDelegate.swift */; };
		C9243FD12AC88C74003EE2FC /* SceneDelegate.swift in Sources */ = {isa = PBXBuildFile; fileRef = C9243FD02AC88C74003EE2FC /* SceneDelegate.swift */; };
		C9243FD32AC88C74003EE2FC /* ListViewController.swift in Sources */ = {isa = PBXBuildFile; fileRef = C9243FD22AC88C74003EE2FC /* ListViewController.swift */; };
		C9243FD82AC88C75003EE2FC /* Assets.xcassets in Resources */ = {isa = PBXBuildFile; fileRef = C9243FD72AC88C75003EE2FC /* Assets.xcassets */; };
		C9243FE62AC88C75003EE2FC /* poke_poke_dexTests.swift in Sources */ = {isa = PBXBuildFile; fileRef = C9243FE52AC88C75003EE2FC /* poke_poke_dexTests.swift */; };
		C9243FF02AC88C75003EE2FC /* poke_poke_dexUITests.swift in Sources */ = {isa = PBXBuildFile; fileRef = C9243FEF2AC88C75003EE2FC /* poke_poke_dexUITests.swift */; };
		C9243FF22AC88C75003EE2FC /* poke_poke_dexUITestsLaunchTests.swift in Sources */ = {isa = PBXBuildFile; fileRef = C9243FF12AC88C75003EE2FC /* poke_poke_dexUITestsLaunchTests.swift */; };
		C9BA8B962ACC23D90092E924 /* AppConstant.swift in Sources */ = {isa = PBXBuildFile; fileRef = C9BA8B952ACC23D90092E924 /* AppConstant.swift */; };
/* End PBXBuildFile section */

/* Begin PBXContainerItemProxy section */
		C9243FE22AC88C75003EE2FC /* PBXContainerItemProxy */ = {
			isa = PBXContainerItemProxy;
			containerPortal = C9243FC32AC88C74003EE2FC /* Project object */;
			proxyType = 1;
			remoteGlobalIDString = C9243FCA2AC88C74003EE2FC;
			remoteInfo = "poke-poke-dex";
		};
		C9243FEC2AC88C75003EE2FC /* PBXContainerItemProxy */ = {
			isa = PBXContainerItemProxy;
			containerPortal = C9243FC32AC88C74003EE2FC /* Project object */;
			proxyType = 1;
			remoteGlobalIDString = C9243FCA2AC88C74003EE2FC;
			remoteInfo = "poke-poke-dex";
		};
/* End PBXContainerItemProxy section */

/* Begin PBXFileReference section */
		C91DD4862AC90FB1002EC78C /* PokemonCell.swift */ = {isa = PBXFileReference; lastKnownFileType = sourcecode.swift; path = PokemonCell.swift; sourceTree = "<group>"; };
		C91DD4922AC96CAA002EC78C /* List.storyboard */ = {isa = PBXFileReference; fileEncoding = 4; lastKnownFileType = file.storyboard; path = List.storyboard; sourceTree = "<group>"; };
		C91DD4932AC96CAA002EC78C /* LaunchScreen.storyboard */ = {isa = PBXFileReference; fileEncoding = 4; lastKnownFileType = file.storyboard; path = LaunchScreen.storyboard; sourceTree = "<group>"; };
		C91DD4972AC973CA002EC78C /* ListViewModel.swift */ = {isa = PBXFileReference; lastKnownFileType = sourcecode.swift; path = ListViewModel.swift; sourceTree = "<group>"; };
		C91DD4A32AC976E9002EC78C /* ListModel.swift */ = {isa = PBXFileReference; lastKnownFileType = sourcecode.swift; path = ListModel.swift; sourceTree = "<group>"; };
		C91DD4A52AC9778A002EC78C /* DetailModel.swift */ = {isa = PBXFileReference; lastKnownFileType = sourcecode.swift; path = DetailModel.swift; sourceTree = "<group>"; };
		C91DD4AA2ACA85A9002EC78C /* PokeApi.swift */ = {isa = PBXFileReference; lastKnownFileType = sourcecode.swift; path = PokeApi.swift; sourceTree = "<group>"; };
		C91DD4AE2ACA8D6E002EC78C /* DetailViewModel.swift */ = {isa = PBXFileReference; lastKnownFileType = sourcecode.swift; path = DetailViewModel.swift; sourceTree = "<group>"; };
		C91DD4B82ACB8A50002EC78C /* ImageApi.swift */ = {isa = PBXFileReference; lastKnownFileType = sourcecode.swift; path = ImageApi.swift; sourceTree = "<group>"; };
		C91DD4C12ACBE56E002EC78C /* VerCell.swift */ = {isa = PBXFileReference; lastKnownFileType = sourcecode.swift; path = VerCell.swift; sourceTree = "<group>"; };
		C9243FCB2AC88C74003EE2FC /* poke-poke-dex.app */ = {isa = PBXFileReference; explicitFileType = wrapper.application; includeInIndex = 0; path = "poke-poke-dex.app"; sourceTree = BUILT_PRODUCTS_DIR; };
		C9243FCE2AC88C74003EE2FC /* AppDelegate.swift */ = {isa = PBXFileReference; lastKnownFileType = sourcecode.swift; path = AppDelegate.swift; sourceTree = "<group>"; };
		C9243FD02AC88C74003EE2FC /* SceneDelegate.swift */ = {isa = PBXFileReference; lastKnownFileType = sourcecode.swift; path = SceneDelegate.swift; sourceTree = "<group>"; };
		C9243FD22AC88C74003EE2FC /* ListViewController.swift */ = {isa = PBXFileReference; lastKnownFileType = sourcecode.swift; path = ListViewController.swift; sourceTree = "<group>"; };
		C9243FD72AC88C75003EE2FC /* Assets.xcassets */ = {isa = PBXFileReference; lastKnownFileType = folder.assetcatalog; path = Assets.xcassets; sourceTree = "<group>"; };
		C9243FDC2AC88C75003EE2FC /* Info.plist */ = {isa = PBXFileReference; lastKnownFileType = text.plist.xml; path = Info.plist; sourceTree = "<group>"; };
		C9243FE12AC88C75003EE2FC /* poke-poke-dexTests.xctest */ = {isa = PBXFileReference; explicitFileType = wrapper.cfbundle; includeInIndex = 0; path = "poke-poke-dexTests.xctest"; sourceTree = BUILT_PRODUCTS_DIR; };
		C9243FE52AC88C75003EE2FC /* poke_poke_dexTests.swift */ = {isa = PBXFileReference; lastKnownFileType = sourcecode.swift; path = poke_poke_dexTests.swift; sourceTree = "<group>"; };
		C9243FEB2AC88C75003EE2FC /* poke-poke-dexUITests.xctest */ = {isa = PBXFileReference; explicitFileType = wrapper.cfbundle; includeInIndex = 0; path = "poke-poke-dexUITests.xctest"; sourceTree = BUILT_PRODUCTS_DIR; };
		C9243FEF2AC88C75003EE2FC /* poke_poke_dexUITests.swift */ = {isa = PBXFileReference; lastKnownFileType = sourcecode.swift; path = poke_poke_dexUITests.swift; sourceTree = "<group>"; };
		C9243FF12AC88C75003EE2FC /* poke_poke_dexUITestsLaunchTests.swift */ = {isa = PBXFileReference; lastKnownFileType = sourcecode.swift; path = poke_poke_dexUITestsLaunchTests.swift; sourceTree = "<group>"; };
		C9BA8B952ACC23D90092E924 /* AppConstant.swift */ = {isa = PBXFileReference; lastKnownFileType = sourcecode.swift; path = AppConstant.swift; sourceTree = "<group>"; };
/* End PBXFileReference section */

/* Begin PBXFrameworksBuildPhase section */
		C9243FC82AC88C74003EE2FC /* Frameworks */ = {
			isa = PBXFrameworksBuildPhase;
			buildActionMask = 2147483647;
			files = (
				C91DD4AD2ACA8854002EC78C /* RxMoya in Frameworks */,
				C91DD49D2AC97494002EC78C /* RxRelay in Frameworks */,
				C91DD49B2AC9748F002EC78C /* RxSwift in Frameworks */,
				C91DD49F2AC97497002EC78C /* RxCocoa in Frameworks */,
				C91DD4B62ACAEEE6002EC78C /* SkeletonView in Frameworks */,
				C91DD4A92ACA8585002EC78C /* Moya in Frameworks */,
			);
			runOnlyForDeploymentPostprocessing = 0;
		};
		C9243FDE2AC88C75003EE2FC /* Frameworks */ = {
			isa = PBXFrameworksBuildPhase;
			buildActionMask = 2147483647;
			files = (
			);
			runOnlyForDeploymentPostprocessing = 0;
		};
		C9243FE82AC88C75003EE2FC /* Frameworks */ = {
			isa = PBXFrameworksBuildPhase;
			buildActionMask = 2147483647;
			files = (
			);
			runOnlyForDeploymentPostprocessing = 0;
		};
/* End PBXFrameworksBuildPhase section */

/* Begin PBXGroup section */
		C91DD4852AC90FA4002EC78C /* ui */ = {
			isa = PBXGroup;
			children = (
				C91DD4862AC90FB1002EC78C /* PokemonCell.swift */,
				C91DD4C12ACBE56E002EC78C /* VerCell.swift */,
			);
			path = ui;
			sourceTree = "<group>";
		};
		C91DD4962AC973B1002EC78C /* viewmodel */ = {
			isa = PBXGroup;
			children = (
				C91DD4972AC973CA002EC78C /* ListViewModel.swift */,
				C91DD4AE2ACA8D6E002EC78C /* DetailViewModel.swift */,
			);
			path = viewmodel;
			sourceTree = "<group>";
		};
		C91DD4992AC97483002EC78C /* Frameworks */ = {
			isa = PBXGroup;
			children = (
			);
			name = Frameworks;
			sourceTree = "<group>";
		};
		C91DD4A02AC976B2002EC78C /* api */ = {
			isa = PBXGroup;
			children = (
				C91DD4A12AC976B8002EC78C /* entity */,
				C91DD4B72ACB8A29002EC78C /* repository */,
			);
			path = api;
			sourceTree = "<group>";
		};
		C91DD4A12AC976B8002EC78C /* entity */ = {
			isa = PBXGroup;
			children = (
				C91DD4A32AC976E9002EC78C /* ListModel.swift */,
				C91DD4A52AC9778A002EC78C /* DetailModel.swift */,
			);
			path = entity;
			sourceTree = "<group>";
		};
		C91DD4B72ACB8A29002EC78C /* repository */ = {
			isa = PBXGroup;
			children = (
				C91DD4AA2ACA85A9002EC78C /* PokeApi.swift */,
				C91DD4B82ACB8A50002EC78C /* ImageApi.swift */,
			);
			path = repository;
			sourceTree = "<group>";
		};
		C9243FC22AC88C74003EE2FC = {
			isa = PBXGroup;
			children = (
				C9243FCD2AC88C74003EE2FC /* poke-poke-dex */,
				C9243FE42AC88C75003EE2FC /* poke-poke-dexTests */,
				C9243FEE2AC88C75003EE2FC /* poke-poke-dexUITests */,
				C9243FCC2AC88C74003EE2FC /* Products */,
				C91DD4992AC97483002EC78C /* Frameworks */,
			);
			sourceTree = "<group>";
		};
		C9243FCC2AC88C74003EE2FC /* Products */ = {
			isa = PBXGroup;
			children = (
				C9243FCB2AC88C74003EE2FC /* poke-poke-dex.app */,
				C9243FE12AC88C75003EE2FC /* poke-poke-dexTests.xctest */,
				C9243FEB2AC88C75003EE2FC /* poke-poke-dexUITests.xctest */,
			);
			name = Products;
			sourceTree = "<group>";
		};
		C9243FCD2AC88C74003EE2FC /* poke-poke-dex */ = {
			isa = PBXGroup;
			children = (
				C92440002AC88CAF003EE2FC /* src */,
				C92440012AC88CD2003EE2FC /* resource */,
			);
			path = "poke-poke-dex";
			sourceTree = "<group>";
		};
		C9243FE42AC88C75003EE2FC /* poke-poke-dexTests */ = {
			isa = PBXGroup;
			children = (
				C9243FE52AC88C75003EE2FC /* poke_poke_dexTests.swift */,
			);
			path = "poke-poke-dexTests";
			sourceTree = "<group>";
		};
		C9243FEE2AC88C75003EE2FC /* poke-poke-dexUITests */ = {
			isa = PBXGroup;
			children = (
				C9243FEF2AC88C75003EE2FC /* poke_poke_dexUITests.swift */,
				C9243FF12AC88C75003EE2FC /* poke_poke_dexUITestsLaunchTests.swift */,
			);
			path = "poke-poke-dexUITests";
			sourceTree = "<group>";
		};
		C9243FFE2AC88C9D003EE2FC /* controller */ = {
			isa = PBXGroup;
			children = (
				C9243FD22AC88C74003EE2FC /* ListViewController.swift */,
			);
			path = controller;
			sourceTree = "<group>";
		};
		C9243FFF2AC88CA7003EE2FC /* storyboard */ = {
			isa = PBXGroup;
			children = (
				C91DD4932AC96CAA002EC78C /* LaunchScreen.storyboard */,
				C91DD4922AC96CAA002EC78C /* List.storyboard */,
			);
			path = storyboard;
			sourceTree = "<group>";
		};
		C92440002AC88CAF003EE2FC /* src */ = {
			isa = PBXGroup;
			children = (
				C91DD4A02AC976B2002EC78C /* api */,
				C9243FFE2AC88C9D003EE2FC /* controller */,
				C9BA8B942ACC23C70092E924 /* constant */,
				C9243FFF2AC88CA7003EE2FC /* storyboard */,
				C91DD4852AC90FA4002EC78C /* ui */,
				C91DD4962AC973B1002EC78C /* viewmodel */,
				C9243FCE2AC88C74003EE2FC /* AppDelegate.swift */,
				C9243FD02AC88C74003EE2FC /* SceneDelegate.swift */,
			);
			path = src;
			sourceTree = "<group>";
		};
		C92440012AC88CD2003EE2FC /* resource */ = {
			isa = PBXGroup;
			children = (
				C9243FD72AC88C75003EE2FC /* Assets.xcassets */,
				C9243FDC2AC88C75003EE2FC /* Info.plist */,
			);
			path = resource;
			sourceTree = "<group>";
		};
		C9BA8B942ACC23C70092E924 /* constant */ = {
			isa = PBXGroup;
			children = (
				C9BA8B952ACC23D90092E924 /* AppConstant.swift */,
			);
			path = constant;
			sourceTree = "<group>";
		};
/* End PBXGroup section */

/* Begin PBXNativeTarget section */
		C9243FCA2AC88C74003EE2FC /* poke-poke-dex */ = {
			isa = PBXNativeTarget;
			buildConfigurationList = C9243FF52AC88C75003EE2FC /* Build configuration list for PBXNativeTarget "poke-poke-dex" */;
			buildPhases = (
				C9243FC72AC88C74003EE2FC /* Sources */,
				C9243FC82AC88C74003EE2FC /* Frameworks */,
				C9243FC92AC88C74003EE2FC /* Resources */,
			);
			buildRules = (
			);
			dependencies = (
			);
			name = "poke-poke-dex";
			packageProductDependencies = (
				C91DD49A2AC9748F002EC78C /* RxSwift */,
				C91DD49C2AC97494002EC78C /* RxRelay */,
				C91DD49E2AC97497002EC78C /* RxCocoa */,
				C91DD4A82ACA8585002EC78C /* Moya */,
				C91DD4AC2ACA8854002EC78C /* RxMoya */,
				C91DD4B52ACAEEE6002EC78C /* SkeletonView */,
			);
			productName = "poke-poke-dex";
			productReference = C9243FCB2AC88C74003EE2FC /* poke-poke-dex.app */;
			productType = "com.apple.product-type.application";
		};
		C9243FE02AC88C75003EE2FC /* poke-poke-dexTests */ = {
			isa = PBXNativeTarget;
			buildConfigurationList = C9243FF82AC88C75003EE2FC /* Build configuration list for PBXNativeTarget "poke-poke-dexTests" */;
			buildPhases = (
				C9243FDD2AC88C75003EE2FC /* Sources */,
				C9243FDE2AC88C75003EE2FC /* Frameworks */,
				C9243FDF2AC88C75003EE2FC /* Resources */,
			);
			buildRules = (
			);
			dependencies = (
				C9243FE32AC88C75003EE2FC /* PBXTargetDependency */,
			);
			name = "poke-poke-dexTests";
			productName = "poke-poke-dexTests";
			productReference = C9243FE12AC88C75003EE2FC /* poke-poke-dexTests.xctest */;
			productType = "com.apple.product-type.bundle.unit-test";
		};
		C9243FEA2AC88C75003EE2FC /* poke-poke-dexUITests */ = {
			isa = PBXNativeTarget;
			buildConfigurationList = C9243FFB2AC88C75003EE2FC /* Build configuration list for PBXNativeTarget "poke-poke-dexUITests" */;
			buildPhases = (
				C9243FE72AC88C75003EE2FC /* Sources */,
				C9243FE82AC88C75003EE2FC /* Frameworks */,
				C9243FE92AC88C75003EE2FC /* Resources */,
			);
			buildRules = (
			);
			dependencies = (
				C9243FED2AC88C75003EE2FC /* PBXTargetDependency */,
			);
			name = "poke-poke-dexUITests";
			productName = "poke-poke-dexUITests";
			productReference = C9243FEB2AC88C75003EE2FC /* poke-poke-dexUITests.xctest */;
			productType = "com.apple.product-type.bundle.ui-testing";
		};
/* End PBXNativeTarget section */

/* Begin PBXProject section */
		C9243FC32AC88C74003EE2FC /* Project object */ = {
			isa = PBXProject;
			attributes = {
				BuildIndependentTargetsInParallel = 1;
				LastSwiftUpdateCheck = 1430;
				LastUpgradeCheck = 1430;
				TargetAttributes = {
					C9243FCA2AC88C74003EE2FC = {
						CreatedOnToolsVersion = 14.3.1;
					};
					C9243FE02AC88C75003EE2FC = {
						CreatedOnToolsVersion = 14.3.1;
						TestTargetID = C9243FCA2AC88C74003EE2FC;
					};
					C9243FEA2AC88C75003EE2FC = {
						CreatedOnToolsVersion = 14.3.1;
						TestTargetID = C9243FCA2AC88C74003EE2FC;
					};
				};
			};
			buildConfigurationList = C9243FC62AC88C74003EE2FC /* Build configuration list for PBXProject "poke-poke-dex" */;
			compatibilityVersion = "Xcode 14.0";
			developmentRegion = en;
			hasScannedForEncodings = 0;
			knownRegions = (
				en,
				Base,
			);
			mainGroup = C9243FC22AC88C74003EE2FC;
			packageReferences = (
				C91DD48B2AC93E20002EC78C /* XCRemoteSwiftPackageReference "RxSwift" */,
				C91DD4A72ACA8578002EC78C /* XCRemoteSwiftPackageReference "Moya" */,
				C91DD4B42ACAEEE6002EC78C /* XCRemoteSwiftPackageReference "SkeletonView" */,
			);
			productRefGroup = C9243FCC2AC88C74003EE2FC /* Products */;
			projectDirPath = "";
			projectRoot = "";
			targets = (
				C9243FCA2AC88C74003EE2FC /* poke-poke-dex */,
				C9243FE02AC88C75003EE2FC /* poke-poke-dexTests */,
				C9243FEA2AC88C75003EE2FC /* poke-poke-dexUITests */,
			);
		};
/* End PBXProject section */

/* Begin PBXResourcesBuildPhase section */
		C9243FC92AC88C74003EE2FC /* Resources */ = {
			isa = PBXResourcesBuildPhase;
			buildActionMask = 2147483647;
			files = (
				C91DD4952AC96CAA002EC78C /* LaunchScreen.storyboard in Resources */,
				C9243FD82AC88C75003EE2FC /* Assets.xcassets in Resources */,
				C91DD4942AC96CAA002EC78C /* List.storyboard in Resources */,
			);
			runOnlyForDeploymentPostprocessing = 0;
		};
		C9243FDF2AC88C75003EE2FC /* Resources */ = {
			isa = PBXResourcesBuildPhase;
			buildActionMask = 2147483647;
			files = (
			);
			runOnlyForDeploymentPostprocessing = 0;
		};
		C9243FE92AC88C75003EE2FC /* Resources */ = {
			isa = PBXResourcesBuildPhase;
			buildActionMask = 2147483647;
			files = (
			);
			runOnlyForDeploymentPostprocessing = 0;
		};
/* End PBXResourcesBuildPhase section */

/* Begin PBXSourcesBuildPhase section */
		C9243FC72AC88C74003EE2FC /* Sources */ = {
			isa = PBXSourcesBuildPhase;
			buildActionMask = 2147483647;
			files = (
				C91DD4982AC973CA002EC78C /* ListViewModel.swift in Sources */,
				C9243FD32AC88C74003EE2FC /* ListViewController.swift in Sources */,
				C91DD4B92ACB8A50002EC78C /* ImageApi.swift in Sources */,
				C9BA8B962ACC23D90092E924 /* AppConstant.swift in Sources */,
				C91DD4C22ACBE56E002EC78C /* VerCell.swift in Sources */,
				C91DD4A62AC9778A002EC78C /* DetailModel.swift in Sources */,
				C91DD4872AC90FB1002EC78C /* PokemonCell.swift in Sources */,
				C91DD4AF2ACA8D6E002EC78C /* DetailViewModel.swift in Sources */,
				C91DD4A42AC976E9002EC78C /* ListModel.swift in Sources */,
				C9243FCF2AC88C74003EE2FC /* AppDelegate.swift in Sources */,
				C91DD4AB2ACA85A9002EC78C /* PokeApi.swift in Sources */,
				C9243FD12AC88C74003EE2FC /* SceneDelegate.swift in Sources */,
			);
			runOnlyForDeploymentPostprocessing = 0;
		};
		C9243FDD2AC88C75003EE2FC /* Sources */ = {
			isa = PBXSourcesBuildPhase;
			buildActionMask = 2147483647;
			files = (
				C9243FE62AC88C75003EE2FC /* poke_poke_dexTests.swift in Sources */,
			);
			runOnlyForDeploymentPostprocessing = 0;
		};
		C9243FE72AC88C75003EE2FC /* Sources */ = {
			isa = PBXSourcesBuildPhase;
			buildActionMask = 2147483647;
			files = (
				C9243FF22AC88C75003EE2FC /* poke_poke_dexUITestsLaunchTests.swift in Sources */,
				C9243FF02AC88C75003EE2FC /* poke_poke_dexUITests.swift in Sources */,
			);
			runOnlyForDeploymentPostprocessing = 0;
		};
/* End PBXSourcesBuildPhase section */

/* Begin PBXTargetDependency section */
		C9243FE32AC88C75003EE2FC /* PBXTargetDependency */ = {
			isa = PBXTargetDependency;
			target = C9243FCA2AC88C74003EE2FC /* poke-poke-dex */;
			targetProxy = C9243FE22AC88C75003EE2FC /* PBXContainerItemProxy */;
		};
		C9243FED2AC88C75003EE2FC /* PBXTargetDependency */ = {
			isa = PBXTargetDependency;
			target = C9243FCA2AC88C74003EE2FC /* poke-poke-dex */;
			targetProxy = C9243FEC2AC88C75003EE2FC /* PBXContainerItemProxy */;
		};
/* End PBXTargetDependency section */

/* Begin XCBuildConfiguration section */
		C9243FF32AC88C75003EE2FC /* Debug */ = {
			isa = XCBuildConfiguration;
			buildSettings = {
				ALWAYS_SEARCH_USER_PATHS = NO;
				CLANG_ANALYZER_NONNULL = YES;
				CLANG_ANALYZER_NUMBER_OBJECT_CONVERSION = YES_AGGRESSIVE;
				CLANG_CXX_LANGUAGE_STANDARD = "gnu++20";
				CLANG_ENABLE_MODULES = YES;
				CLANG_ENABLE_OBJC_ARC = YES;
				CLANG_ENABLE_OBJC_WEAK = YES;
				CLANG_WARN_BLOCK_CAPTURE_AUTORELEASING = YES;
				CLANG_WARN_BOOL_CONVERSION = YES;
				CLANG_WARN_COMMA = YES;
				CLANG_WARN_CONSTANT_CONVERSION = YES;
				CLANG_WARN_DEPRECATED_OBJC_IMPLEMENTATIONS = YES;
				CLANG_WARN_DIRECT_OBJC_ISA_USAGE = YES_ERROR;
				CLANG_WARN_DOCUMENTATION_COMMENTS = YES;
				CLANG_WARN_EMPTY_BODY = YES;
				CLANG_WARN_ENUM_CONVERSION = YES;
				CLANG_WARN_INFINITE_RECURSION = YES;
				CLANG_WARN_INT_CONVERSION = YES;
				CLANG_WARN_NON_LITERAL_NULL_CONVERSION = YES;
				CLANG_WARN_OBJC_IMPLICIT_RETAIN_SELF = YES;
				CLANG_WARN_OBJC_LITERAL_CONVERSION = YES;
				CLANG_WARN_OBJC_ROOT_CLASS = YES_ERROR;
				CLANG_WARN_QUOTED_INCLUDE_IN_FRAMEWORK_HEADER = YES;
				CLANG_WARN_RANGE_LOOP_ANALYSIS = YES;
				CLANG_WARN_STRICT_PROTOTYPES = YES;
				CLANG_WARN_SUSPICIOUS_MOVE = YES;
				CLANG_WARN_UNGUARDED_AVAILABILITY = YES_AGGRESSIVE;
				CLANG_WARN_UNREACHABLE_CODE = YES;
				CLANG_WARN__DUPLICATE_METHOD_MATCH = YES;
				COPY_PHASE_STRIP = NO;
				DEBUG_INFORMATION_FORMAT = dwarf;
				ENABLE_STRICT_OBJC_MSGSEND = YES;
				ENABLE_TESTABILITY = YES;
				GCC_C_LANGUAGE_STANDARD = gnu11;
				GCC_DYNAMIC_NO_PIC = NO;
				GCC_NO_COMMON_BLOCKS = YES;
				GCC_OPTIMIZATION_LEVEL = 0;
				GCC_PREPROCESSOR_DEFINITIONS = (
					"DEBUG=1",
					"$(inherited)",
				);
				GCC_WARN_64_TO_32_BIT_CONVERSION = YES;
				GCC_WARN_ABOUT_RETURN_TYPE = YES_ERROR;
				GCC_WARN_UNDECLARED_SELECTOR = YES;
				GCC_WARN_UNINITIALIZED_AUTOS = YES_AGGRESSIVE;
				GCC_WARN_UNUSED_FUNCTION = YES;
				GCC_WARN_UNUSED_VARIABLE = YES;
				IPHONEOS_DEPLOYMENT_TARGET = 16.4;
				MTL_ENABLE_DEBUG_INFO = INCLUDE_SOURCE;
				MTL_FAST_MATH = YES;
				ONLY_ACTIVE_ARCH = YES;
				SDKROOT = iphoneos;
				SWIFT_ACTIVE_COMPILATION_CONDITIONS = DEBUG;
				SWIFT_OPTIMIZATION_LEVEL = "-Onone";
			};
			name = Debug;
		};
		C9243FF42AC88C75003EE2FC /* Release */ = {
			isa = XCBuildConfiguration;
			buildSettings = {
				ALWAYS_SEARCH_USER_PATHS = NO;
				CLANG_ANALYZER_NONNULL = YES;
				CLANG_ANALYZER_NUMBER_OBJECT_CONVERSION = YES_AGGRESSIVE;
				CLANG_CXX_LANGUAGE_STANDARD = "gnu++20";
				CLANG_ENABLE_MODULES = YES;
				CLANG_ENABLE_OBJC_ARC = YES;
				CLANG_ENABLE_OBJC_WEAK = YES;
				CLANG_WARN_BLOCK_CAPTURE_AUTORELEASING = YES;
				CLANG_WARN_BOOL_CONVERSION = YES;
				CLANG_WARN_COMMA = YES;
				CLANG_WARN_CONSTANT_CONVERSION = YES;
				CLANG_WARN_DEPRECATED_OBJC_IMPLEMENTATIONS = YES;
				CLANG_WARN_DIRECT_OBJC_ISA_USAGE = YES_ERROR;
				CLANG_WARN_DOCUMENTATION_COMMENTS = YES;
				CLANG_WARN_EMPTY_BODY = YES;
				CLANG_WARN_ENUM_CONVERSION = YES;
				CLANG_WARN_INFINITE_RECURSION = YES;
				CLANG_WARN_INT_CONVERSION = YES;
				CLANG_WARN_NON_LITERAL_NULL_CONVERSION = YES;
				CLANG_WARN_OBJC_IMPLICIT_RETAIN_SELF = YES;
				CLANG_WARN_OBJC_LITERAL_CONVERSION = YES;
				CLANG_WARN_OBJC_ROOT_CLASS = YES_ERROR;
				CLANG_WARN_QUOTED_INCLUDE_IN_FRAMEWORK_HEADER = YES;
				CLANG_WARN_RANGE_LOOP_ANALYSIS = YES;
				CLANG_WARN_STRICT_PROTOTYPES = YES;
				CLANG_WARN_SUSPICIOUS_MOVE = YES;
				CLANG_WARN_UNGUARDED_AVAILABILITY = YES_AGGRESSIVE;
				CLANG_WARN_UNREACHABLE_CODE = YES;
				CLANG_WARN__DUPLICATE_METHOD_MATCH = YES;
				COPY_PHASE_STRIP = NO;
				DEBUG_INFORMATION_FORMAT = "dwarf-with-dsym";
				ENABLE_NS_ASSERTIONS = NO;
				ENABLE_STRICT_OBJC_MSGSEND = YES;
				GCC_C_LANGUAGE_STANDARD = gnu11;
				GCC_NO_COMMON_BLOCKS = YES;
				GCC_WARN_64_TO_32_BIT_CONVERSION = YES;
				GCC_WARN_ABOUT_RETURN_TYPE = YES_ERROR;
				GCC_WARN_UNDECLARED_SELECTOR = YES;
				GCC_WARN_UNINITIALIZED_AUTOS = YES_AGGRESSIVE;
				GCC_WARN_UNUSED_FUNCTION = YES;
				GCC_WARN_UNUSED_VARIABLE = YES;
				IPHONEOS_DEPLOYMENT_TARGET = 16.4;
				MTL_ENABLE_DEBUG_INFO = NO;
				MTL_FAST_MATH = YES;
				SDKROOT = iphoneos;
				SWIFT_COMPILATION_MODE = wholemodule;
				SWIFT_OPTIMIZATION_LEVEL = "-O";
				VALIDATE_PRODUCT = YES;
			};
			name = Release;
		};
		C9243FF62AC88C75003EE2FC /* Debug */ = {
			isa = XCBuildConfiguration;
			buildSettings = {
				ASSETCATALOG_COMPILER_APPICON_NAME = AppIcon;
				ASSETCATALOG_COMPILER_GLOBAL_ACCENT_COLOR_NAME = AccentColor;
				CODE_SIGN_STYLE = Automatic;
				CURRENT_PROJECT_VERSION = 1.0;
				DEVELOPMENT_TEAM = "";
				GENERATE_INFOPLIST_FILE = YES;
				INFOPLIST_FILE = "poke-poke-dex/resource/Info.plist";
				INFOPLIST_KEY_UIApplicationSupportsIndirectInputEvents = YES;
				INFOPLIST_KEY_UILaunchStoryboardName = LaunchScreen;
				INFOPLIST_KEY_UIMainStoryboardFile = List;
				INFOPLIST_KEY_UISupportedInterfaceOrientations_iPad = "UIInterfaceOrientationPortrait UIInterfaceOrientationPortraitUpsideDown UIInterfaceOrientationLandscapeLeft UIInterfaceOrientationLandscapeRight";
				INFOPLIST_KEY_UISupportedInterfaceOrientations_iPhone = "UIInterfaceOrientationPortrait UIInterfaceOrientationLandscapeLeft UIInterfaceOrientationLandscapeRight";
				LD_RUNPATH_SEARCH_PATHS = (
					"$(inherited)",
					"@executable_path/Frameworks",
				);
				MARKETING_VERSION = 1.0;
				PRODUCT_BUNDLE_IDENTIFIER = "kuskyst.poke-poke-dex";
				PRODUCT_NAME = "$(TARGET_NAME)";
				SUPPORTED_PLATFORMS = "iphoneos iphonesimulator";
				SUPPORTS_MACCATALYST = NO;
				SUPPORTS_MAC_DESIGNED_FOR_IPHONE_IPAD = NO;
				SWIFT_EMIT_LOC_STRINGS = YES;
				SWIFT_VERSION = 5.0;
				TARGETED_DEVICE_FAMILY = "1,2";
			};
			name = Debug;
		};
		C9243FF72AC88C75003EE2FC /* Release */ = {
			isa = XCBuildConfiguration;
			buildSettings = {
				ASSETCATALOG_COMPILER_APPICON_NAME = AppIcon;
				ASSETCATALOG_COMPILER_GLOBAL_ACCENT_COLOR_NAME = AccentColor;
				CODE_SIGN_STYLE = Automatic;
				CURRENT_PROJECT_VERSION = 1.0;
				DEVELOPMENT_TEAM = "";
				GENERATE_INFOPLIST_FILE = YES;
				INFOPLIST_FILE = "poke-poke-dex/resource/Info.plist";
				INFOPLIST_KEY_UIApplicationSupportsIndirectInputEvents = YES;
				INFOPLIST_KEY_UILaunchStoryboardName = LaunchScreen;
				INFOPLIST_KEY_UIMainStoryboardFile = List;
				INFOPLIST_KEY_UISupportedInterfaceOrientations_iPad = "UIInterfaceOrientationPortrait UIInterfaceOrientationPortraitUpsideDown UIInterfaceOrientationLandscapeLeft UIInterfaceOrientationLandscapeRight";
				INFOPLIST_KEY_UISupportedInterfaceOrientations_iPhone = "UIInterfaceOrientationPortrait UIInterfaceOrientationLandscapeLeft UIInterfaceOrientationLandscapeRight";
				LD_RUNPATH_SEARCH_PATHS = (
					"$(inherited)",
					"@executable_path/Frameworks",
				);
				MARKETING_VERSION = 1.0;
				PRODUCT_BUNDLE_IDENTIFIER = "kuskyst.poke-poke-dex";
				PRODUCT_NAME = "$(TARGET_NAME)";
				SUPPORTED_PLATFORMS = "iphoneos iphonesimulator";
				SUPPORTS_MACCATALYST = NO;
				SUPPORTS_MAC_DESIGNED_FOR_IPHONE_IPAD = NO;
				SWIFT_EMIT_LOC_STRINGS = YES;
				SWIFT_VERSION = 5.0;
				TARGETED_DEVICE_FAMILY = "1,2";
			};
			name = Release;
		};
		C9243FF92AC88C75003EE2FC /* Debug */ = {
			isa = XCBuildConfiguration;
			buildSettings = {
				ALWAYS_EMBED_SWIFT_STANDARD_LIBRARIES = YES;
				BUNDLE_LOADER = "$(TEST_HOST)";
				CODE_SIGN_STYLE = Automatic;
				CURRENT_PROJECT_VERSION = 1;
				DEVELOPMENT_TEAM = HPMKBR3QXZ;
				GENERATE_INFOPLIST_FILE = YES;
				IPHONEOS_DEPLOYMENT_TARGET = 16.4;
				MARKETING_VERSION = 1.0;
				PRODUCT_BUNDLE_IDENTIFIER = "kuskyst.poke-poke-dexTests";
				PRODUCT_NAME = "$(TARGET_NAME)";
				SWIFT_EMIT_LOC_STRINGS = NO;
				SWIFT_VERSION = 5.0;
				TARGETED_DEVICE_FAMILY = "1,2";
				TEST_HOST = "$(BUILT_PRODUCTS_DIR)/poke-poke-dex.app/$(BUNDLE_EXECUTABLE_FOLDER_PATH)/poke-poke-dex";
			};
			name = Debug;
		};
		C9243FFA2AC88C75003EE2FC /* Release */ = {
			isa = XCBuildConfiguration;
			buildSettings = {
				ALWAYS_EMBED_SWIFT_STANDARD_LIBRARIES = YES;
				BUNDLE_LOADER = "$(TEST_HOST)";
				CODE_SIGN_STYLE = Automatic;
				CURRENT_PROJECT_VERSION = 1;
				DEVELOPMENT_TEAM = HPMKBR3QXZ;
				GENERATE_INFOPLIST_FILE = YES;
				IPHONEOS_DEPLOYMENT_TARGET = 16.4;
				MARKETING_VERSION = 1.0;
				PRODUCT_BUNDLE_IDENTIFIER = "kuskyst.poke-poke-dexTests";
				PRODUCT_NAME = "$(TARGET_NAME)";
				SWIFT_EMIT_LOC_STRINGS = NO;
				SWIFT_VERSION = 5.0;
				TARGETED_DEVICE_FAMILY = "1,2";
				TEST_HOST = "$(BUILT_PRODUCTS_DIR)/poke-poke-dex.app/$(BUNDLE_EXECUTABLE_FOLDER_PATH)/poke-poke-dex";
			};
			name = Release;
		};
		C9243FFC2AC88C75003EE2FC /* Debug */ = {
			isa = XCBuildConfiguration;
			buildSettings = {
				ALWAYS_EMBED_SWIFT_STANDARD_LIBRARIES = YES;
				CODE_SIGN_STYLE = Automatic;
				CURRENT_PROJECT_VERSION = 1;
				DEVELOPMENT_TEAM = HPMKBR3QXZ;
				GENERATE_INFOPLIST_FILE = YES;
				MARKETING_VERSION = 1.0;
				PRODUCT_BUNDLE_IDENTIFIER = "kuskyst.poke-poke-dexUITests";
				PRODUCT_NAME = "$(TARGET_NAME)";
				SWIFT_EMIT_LOC_STRINGS = NO;
				SWIFT_VERSION = 5.0;
				TARGETED_DEVICE_FAMILY = "1,2";
				TEST_TARGET_NAME = "poke-poke-dex";
			};
			name = Debug;
		};
		C9243FFD2AC88C75003EE2FC /* Release */ = {
			isa = XCBuildConfiguration;
			buildSettings = {
				ALWAYS_EMBED_SWIFT_STANDARD_LIBRARIES = YES;
				CODE_SIGN_STYLE = Automatic;
				CURRENT_PROJECT_VERSION = 1;
				DEVELOPMENT_TEAM = HPMKBR3QXZ;
				GENERATE_INFOPLIST_FILE = YES;
				MARKETING_VERSION = 1.0;
				PRODUCT_BUNDLE_IDENTIFIER = "kuskyst.poke-poke-dexUITests";
				PRODUCT_NAME = "$(TARGET_NAME)";
				SWIFT_EMIT_LOC_STRINGS = NO;
				SWIFT_VERSION = 5.0;
				TARGETED_DEVICE_FAMILY = "1,2";
				TEST_TARGET_NAME = "poke-poke-dex";
			};
			name = Release;
		};
/* End XCBuildConfiguration section */

/* Begin XCConfigurationList section */
		C9243FC62AC88C74003EE2FC /* Build configuration list for PBXProject "poke-poke-dex" */ = {
			isa = XCConfigurationList;
			buildConfigurations = (
				C9243FF32AC88C75003EE2FC /* Debug */,
				C9243FF42AC88C75003EE2FC /* Release */,
			);
			defaultConfigurationIsVisible = 0;
			defaultConfigurationName = Release;
		};
		C9243FF52AC88C75003EE2FC /* Build configuration list for PBXNativeTarget "poke-poke-dex" */ = {
			isa = XCConfigurationList;
			buildConfigurations = (
				C9243FF62AC88C75003EE2FC /* Debug */,
				C9243FF72AC88C75003EE2FC /* Release */,
			);
			defaultConfigurationIsVisible = 0;
			defaultConfigurationName = Release;
		};
		C9243FF82AC88C75003EE2FC /* Build configuration list for PBXNativeTarget "poke-poke-dexTests" */ = {
			isa = XCConfigurationList;
			buildConfigurations = (
				C9243FF92AC88C75003EE2FC /* Debug */,
				C9243FFA2AC88C75003EE2FC /* Release */,
			);
			defaultConfigurationIsVisible = 0;
			defaultConfigurationName = Release;
		};
		C9243FFB2AC88C75003EE2FC /* Build configuration list for PBXNativeTarget "poke-poke-dexUITests" */ = {
			isa = XCConfigurationList;
			buildConfigurations = (
				C9243FFC2AC88C75003EE2FC /* Debug */,
				C9243FFD2AC88C75003EE2FC /* Release */,
			);
			defaultConfigurationIsVisible = 0;
			defaultConfigurationName = Release;
		};
/* End XCConfigurationList section */

/* Begin XCRemoteSwiftPackageReference section */
		C91DD48B2AC93E20002EC78C /* XCRemoteSwiftPackageReference "RxSwift" */ = {
			isa = XCRemoteSwiftPackageReference;
			repositoryURL = "https://github.com/ReactiveX/RxSwift";
			requirement = {
				kind = upToNextMajorVersion;
				minimumVersion = 6.6.0;
			};
		};
		C91DD4A72ACA8578002EC78C /* XCRemoteSwiftPackageReference "Moya" */ = {
			isa = XCRemoteSwiftPackageReference;
			repositoryURL = "https://github.com/Moya/Moya.git";
			requirement = {
				kind = upToNextMajorVersion;
				minimumVersion = 15.0.3;
			};
		};
		C91DD4B42ACAEEE6002EC78C /* XCRemoteSwiftPackageReference "SkeletonView" */ = {
			isa = XCRemoteSwiftPackageReference;
			repositoryURL = "https://github.com/Juanpe/SkeletonView.git";
			requirement = {
				kind = upToNextMajorVersion;
				minimumVersion = 1.30.4;
			};
		};
/* End XCRemoteSwiftPackageReference section */

/* Begin XCSwiftPackageProductDependency section */
		C91DD49A2AC9748F002EC78C /* RxSwift */ = {
			isa = XCSwiftPackageProductDependency;
			package = C91DD48B2AC93E20002EC78C /* XCRemoteSwiftPackageReference "RxSwift" */;
			productName = RxSwift;
		};
		C91DD49C2AC97494002EC78C /* RxRelay */ = {
			isa = XCSwiftPackageProductDependency;
			package = C91DD48B2AC93E20002EC78C /* XCRemoteSwiftPackageReference "RxSwift" */;
			productName = RxRelay;
		};
		C91DD49E2AC97497002EC78C /* RxCocoa */ = {
			isa = XCSwiftPackageProductDependency;
			package = C91DD48B2AC93E20002EC78C /* XCRemoteSwiftPackageReference "RxSwift" */;
			productName = RxCocoa;
		};
		C91DD4A82ACA8585002EC78C /* Moya */ = {
			isa = XCSwiftPackageProductDependency;
			package = C91DD4A72ACA8578002EC78C /* XCRemoteSwiftPackageReference "Moya" */;
			productName = Moya;
		};
		C91DD4AC2ACA8854002EC78C /* RxMoya */ = {
			isa = XCSwiftPackageProductDependency;
			package = C91DD4A72ACA8578002EC78C /* XCRemoteSwiftPackageReference "Moya" */;
			productName = RxMoya;
		};
		C91DD4B52ACAEEE6002EC78C /* SkeletonView */ = {
			isa = XCSwiftPackageProductDependency;
			package = C91DD4B42ACAEEE6002EC78C /* XCRemoteSwiftPackageReference "SkeletonView" */;
			productName = SkeletonView;
		};
/* End XCSwiftPackageProductDependency section */
	};
	rootObject = C9243FC32AC88C74003EE2FC /* Project object */;
}
